// !$*UTF8*$!
{
	archiveVersion = 1;
	classes = {
	};
	objectVersion = 46;
	objects = {

/* Begin PBXBuildFile section */
		A4FA01A018EB69A000C9852E /* Foundation.framework in Frameworks */ = {isa = PBXBuildFile; fileRef = A4FA019F18EB69A000C9852E /* Foundation.framework */; };
		A4FA01A218EB69A000C9852E /* CoreGraphics.framework in Frameworks */ = {isa = PBXBuildFile; fileRef = A4FA01A118EB69A000C9852E /* CoreGraphics.framework */; };
		A4FA01A418EB69A000C9852E /* UIKit.framework in Frameworks */ = {isa = PBXBuildFile; fileRef = A4FA01A318EB69A000C9852E /* UIKit.framework */; };
		A4FA01AA18EB69A000C9852E /* InfoPlist.strings in Resources */ = {isa = PBXBuildFile; fileRef = A4FA01A818EB69A000C9852E /* InfoPlist.strings */; };
		A4FA01AC18EB69A000C9852E /* main.m in Sources */ = {isa = PBXBuildFile; fileRef = A4FA01AB18EB69A000C9852E /* main.m */; };
		A4FA01B018EB69A000C9852E /* AppDelegate.m in Sources */ = {isa = PBXBuildFile; fileRef = A4FA01AF18EB69A000C9852E /* AppDelegate.m */; };
		A4FA01B318EB69A000C9852E /* Main.storyboard in Resources */ = {isa = PBXBuildFile; fileRef = A4FA01B118EB69A000C9852E /* Main.storyboard */; };
		A4FA01B618EB69A000C9852E /* ViewController.m in Sources */ = {isa = PBXBuildFile; fileRef = A4FA01B518EB69A000C9852E /* ViewController.m */; };
		A4FA01B818EB69A000C9852E /* Images.xcassets in Resources */ = {isa = PBXBuildFile; fileRef = A4FA01B718EB69A000C9852E /* Images.xcassets */; };
		A4FA01BF18EB69A000C9852E /* XCTest.framework in Frameworks */ = {isa = PBXBuildFile; fileRef = A4FA01BE18EB69A000C9852E /* XCTest.framework */; };
		A4FA01C018EB69A000C9852E /* Foundation.framework in Frameworks */ = {isa = PBXBuildFile; fileRef = A4FA019F18EB69A000C9852E /* Foundation.framework */; };
		A4FA01C118EB69A000C9852E /* UIKit.framework in Frameworks */ = {isa = PBXBuildFile; fileRef = A4FA01A318EB69A000C9852E /* UIKit.framework */; };
		A4FA01C918EB69A000C9852E /* InfoPlist.strings in Resources */ = {isa = PBXBuildFile; fileRef = A4FA01C718EB69A000C9852E /* InfoPlist.strings */; };
		A4FA01CB18EB69A000C9852E /* GitUseExampleTests.m in Sources */ = {isa = PBXBuildFile; fileRef = A4FA01CA18EB69A000C9852E /* GitUseExampleTests.m */; };
/* End PBXBuildFile section */

/* Begin PBXContainerItemProxy section */
		A4FA01C218EB69A000C9852E /* PBXContainerItemProxy */ = {
			isa = PBXContainerItemProxy;
			containerPortal = A4FA019418EB69A000C9852E /* Project object */;
			proxyType = 1;
			remoteGlobalIDString = A4FA019B18EB69A000C9852E;
			remoteInfo = GitUseExample;
		};
/* End PBXContainerItemProxy section */

/* Begin PBXFileReference section */
		A4FA019C18EB69A000C9852E /* GitUseExample.app */ = {isa = PBXFileReference; explicitFileType = wrapper.application; includeInIndex = 0; path = GitUseExample.app; sourceTree = BUILT_PRODUCTS_DIR; };
		A4FA019F18EB69A000C9852E /* Foundation.framework */ = {isa = PBXFileReference; lastKnownFileType = wrapper.framework; name = Foundation.framework; path = System/Library/Frameworks/Foundation.framework; sourceTree = SDKROOT; };
		A4FA01A118EB69A000C9852E /* CoreGraphics.framework */ = {isa = PBXFileReference; lastKnownFileType = wrapper.framework; name = CoreGraphics.framework; path = System/Library/Frameworks/CoreGraphics.framework; sourceTree = SDKROOT; };
		A4FA01A318EB69A000C9852E /* UIKit.framework */ = {isa = PBXFileReference; lastKnownFileType = wrapper.framework; name = UIKit.framework; path = System/Library/Frameworks/UIKit.framework; sourceTree = SDKROOT; };
		A4FA01A718EB69A000C9852E /* GitUseExample-Info.plist */ = {isa = PBXFileReference; lastKnownFileType = text.plist.xml; path = "GitUseExample-Info.plist"; sourceTree = "<group>"; };
		A4FA01A918EB69A000C9852E /* en */ = {isa = PBXFileReference; lastKnownFileType = text.plist.strings; name = en; path = en.lproj/InfoPlist.strings; sourceTree = "<group>"; };
		A4FA01AB18EB69A000C9852E /* main.m */ = {isa = PBXFileReference; lastKnownFileType = sourcecode.c.objc; path = main.m; sourceTree = "<group>"; };
		A4FA01AD18EB69A000C9852E /* GitUseExample-Prefix.pch */ = {isa = PBXFileReference; lastKnownFileType = sourcecode.c.h; path = "GitUseExample-Prefix.pch"; sourceTree = "<group>"; };
		A4FA01AE18EB69A000C9852E /* AppDelegate.h */ = {isa = PBXFileReference; lastKnownFileType = sourcecode.c.h; path = AppDelegate.h; sourceTree = "<group>"; };
		A4FA01AF18EB69A000C9852E /* AppDelegate.m */ = {isa = PBXFileReference; lastKnownFileType = sourcecode.c.objc; path = AppDelegate.m; sourceTree = "<group>"; };
		A4FA01B218EB69A000C9852E /* Base */ = {isa = PBXFileReference; lastKnownFileType = file.storyboard; name = Base; path = Base.lproj/Main.storyboard; sourceTree = "<group>"; };
		A4FA01B418EB69A000C9852E /* ViewController.h */ = {isa = PBXFileReference; lastKnownFileType = sourcecode.c.h; path = ViewController.h; sourceTree = "<group>"; };
		A4FA01B518EB69A000C9852E /* ViewController.m */ = {isa = PBXFileReference; lastKnownFileType = sourcecode.c.objc; path = ViewController.m; sourceTree = "<group>"; };
		A4FA01B718EB69A000C9852E /* Images.xcassets */ = {isa = PBXFileReference; lastKnownFileType = folder.assetcatalog; path = Images.xcassets; sourceTree = "<group>"; };
		A4FA01BD18EB69A000C9852E /* GitUseExampleTests.xctest */ = {isa = PBXFileReference; explicitFileType = wrapper.cfbundle; includeInIndex = 0; path = GitUseExampleTests.xctest; sourceTree = BUILT_PRODUCTS_DIR; };
		A4FA01BE18EB69A000C9852E /* XCTest.framework */ = {isa = PBXFileReference; lastKnownFileType = wrapper.framework; name = XCTest.framework; path = Library/Frameworks/XCTest.framework; sourceTree = DEVELOPER_DIR; };
		A4FA01C618EB69A000C9852E /* GitUseExampleTests-Info.plist */ = {isa = PBXFileReference; lastKnownFileType = text.plist.xml; path = "GitUseExampleTests-Info.plist"; sourceTree = "<group>"; };
		A4FA01C818EB69A000C9852E /* en */ = {isa = PBXFileReference; lastKnownFileType = text.plist.strings; name = en; path = en.lproj/InfoPlist.strings; sourceTree = "<group>"; };
		A4FA01CA18EB69A000C9852E /* GitUseExampleTests.m */ = {isa = PBXFileReference; lastKnownFileType = sourcecode.c.objc; path = GitUseExampleTests.m; sourceTree = "<group>"; };
/* End PBXFileReference section */

/* Begin PBXFrameworksBuildPhase section */
		A4FA019918EB69A000C9852E /* Frameworks */ = {
			isa = PBXFrameworksBuildPhase;
			buildActionMask = 2147483647;
			files = (
				A4FA01A218EB69A000C9852E /* CoreGraphics.framework in Frameworks */,
				A4FA01A418EB69A000C9852E /* UIKit.framework in Frameworks */,
				A4FA01A018EB69A000C9852E /* Foundation.framework in Frameworks */,
			);
			runOnlyForDeploymentPostprocessing = 0;
		};
		A4FA01BA18EB69A000C9852E /* Frameworks */ = {
			isa = PBXFrameworksBuildPhase;
			buildActionMask = 2147483647;
			files = (
				A4FA01BF18EB69A000C9852E /* XCTest.framework in Frameworks */,
				A4FA01C118EB69A000C9852E /* UIKit.framework in Frameworks */,
				A4FA01C018EB69A000C9852E /* Foundation.framework in Frameworks */,
			);
			runOnlyForDeploymentPostprocessing = 0;
		};
/* End PBXFrameworksBuildPhase section */

/* Begin PBXGroup section */
		A4FA019318EB69A000C9852E = {
			isa = PBXGroup;
			children = (
				A4FA01A518EB69A000C9852E /* GitUseExample */,
				A4FA01C418EB69A000C9852E /* GitUseExampleTests */,
				A4FA019E18EB69A000C9852E /* Frameworks */,
				A4FA019D18EB69A000C9852E /* Products */,
			);
			sourceTree = "<group>";
		};
		A4FA019D18EB69A000C9852E /* Products */ = {
			isa = PBXGroup;
			children = (
				A4FA019C18EB69A000C9852E /* GitUseExample.app */,
				A4FA01BD18EB69A000C9852E /* GitUseExampleTests.xctest */,
			);
			name = Products;
			sourceTree = "<group>";
		};
		A4FA019E18EB69A000C9852E /* Frameworks */ = {
			isa = PBXGroup;
			children = (
				A4FA019F18EB69A000C9852E /* Foundation.framework */,
				A4FA01A118EB69A000C9852E /* CoreGraphics.framework */,
				A4FA01A318EB69A000C9852E /* UIKit.framework */,
				A4FA01BE18EB69A000C9852E /* XCTest.framework */,
			);
			name = Frameworks;
			sourceTree = "<group>";
		};
		A4FA01A518EB69A000C9852E /* GitUseExample */ = {
			isa = PBXGroup;
			children = (
				A4FA01AE18EB69A000C9852E /* AppDelegate.h */,
				A4FA01AF18EB69A000C9852E /* AppDelegate.m */,
				A4FA01B118EB69A000C9852E /* Main.storyboard */,
				A4FA01B418EB69A000C9852E /* ViewController.h */,
				A4FA01B518EB69A000C9852E /* ViewController.m */,
				A4FA01B718EB69A000C9852E /* Images.xcassets */,
				A4FA01A618EB69A000C9852E /* Supporting Files */,
			);
			path = GitUseExample;
			sourceTree = "<group>";
		};
		A4FA01A618EB69A000C9852E /* Supporting Files */ = {
			isa = PBXGroup;
			children = (
				A4FA01A718EB69A000C9852E /* GitUseExample-Info.plist */,
				A4FA01A818EB69A000C9852E /* InfoPlist.strings */,
				A4FA01AB18EB69A000C9852E /* main.m */,
				A4FA01AD18EB69A000C9852E /* GitUseExample-Prefix.pch */,
			);
			name = "Supporting Files";
			sourceTree = "<group>";
		};
		A4FA01C418EB69A000C9852E /* GitUseExampleTests */ = {
			isa = PBXGroup;
			children = (
				A4FA01CA18EB69A000C9852E /* GitUseExampleTests.m */,
				A4FA01C518EB69A000C9852E /* Supporting Files */,
			);
			path = GitUseExampleTests;
			sourceTree = "<group>";
		};
		A4FA01C518EB69A000C9852E /* Supporting Files */ = {
			isa = PBXGroup;
			children = (
				A4FA01C618EB69A000C9852E /* GitUseExampleTests-Info.plist */,
				A4FA01C718EB69A000C9852E /* InfoPlist.strings */,
			);
			name = "Supporting Files";
			sourceTree = "<group>";
		};
/* End PBXGroup section */

/* Begin PBXNativeTarget section */
		A4FA019B18EB69A000C9852E /* GitUseExample */ = {
			isa = PBXNativeTarget;
			buildConfigurationList = A4FA01CE18EB69A000C9852E /* Build configuration list for PBXNativeTarget "GitUseExample" */;
			buildPhases = (
				A4FA019818EB69A000C9852E /* Sources */,
				A4FA019918EB69A000C9852E /* Frameworks */,
				A4FA019A18EB69A000C9852E /* Resources */,
			);
			buildRules = (
			);
			dependencies = (
			);
			name = GitUseExample;
			productName = GitUseExample;
			productReference = A4FA019C18EB69A000C9852E /* GitUseExample.app */;
			productType = "com.apple.product-type.application";
		};
		A4FA01BC18EB69A000C9852E /* GitUseExampleTests */ = {
			isa = PBXNativeTarget;
			buildConfigurationList = A4FA01D118EB69A000C9852E /* Build configuration list for PBXNativeTarget "GitUseExampleTests" */;
			buildPhases = (
				A4FA01B918EB69A000C9852E /* Sources */,
				A4FA01BA18EB69A000C9852E /* Frameworks */,
				A4FA01BB18EB69A000C9852E /* Resources */,
			);
			buildRules = (
			);
			dependencies = (
				A4FA01C318EB69A000C9852E /* PBXTargetDependency */,
			);
			name = GitUseExampleTests;
			productName = GitUseExampleTests;
			productReference = A4FA01BD18EB69A000C9852E /* GitUseExampleTests.xctest */;
			productType = "com.apple.product-type.bundle.unit-test";
		};
/* End PBXNativeTarget section */

/* Begin PBXProject section */
		A4FA019418EB69A000C9852E /* Project object */ = {
			isa = PBXProject;
			attributes = {
				LastUpgradeCheck = 0510;
				ORGANIZATIONNAME = "Vincent Dulac";
				TargetAttributes = {
					A4FA01BC18EB69A000C9852E = {
						TestTargetID = A4FA019B18EB69A000C9852E;
					};
				};
			};
			buildConfigurationList = A4FA019718EB69A000C9852E /* Build configuration list for PBXProject "GitUseExample" */;
			compatibilityVersion = "Xcode 3.2";
			developmentRegion = English;
			hasScannedForEncodings = 0;
			knownRegions = (
				en,
				Base,
			);
			mainGroup = A4FA019318EB69A000C9852E;
			productRefGroup = A4FA019D18EB69A000C9852E /* Products */;
			projectDirPath = "";
			projectRoot = "";
			targets = (
				A4FA019B18EB69A000C9852E /* GitUseExample */,
				A4FA01BC18EB69A000C9852E /* GitUseExampleTests */,
			);
		};
/* End PBXProject section */

/* Begin PBXResourcesBuildPhase section */
		A4FA019A18EB69A000C9852E /* Resources */ = {
			isa = PBXResourcesBuildPhase;
			buildActionMask = 2147483647;
			files = (
				A4FA01B818EB69A000C9852E /* Images.xcassets in Resources */,
				A4FA01AA18EB69A000C9852E /* InfoPlist.strings in Resources */,
				A4FA01B318EB69A000C9852E /* Main.storyboard in Resources */,
			);
			runOnlyForDeploymentPostprocessing = 0;
		};
		A4FA01BB18EB69A000C9852E /* Resources */ = {
			isa = PBXResourcesBuildPhase;
			buildActionMask = 2147483647;
			files = (
				A4FA01C918EB69A000C9852E /* InfoPlist.strings in Resources */,
			);
			runOnlyForDeploymentPostprocessing = 0;
		};
/* End PBXResourcesBuildPhase section */

/* Begin PBXSourcesBuildPhase section */
		A4FA019818EB69A000C9852E /* Sources */ = {
			isa = PBXSourcesBuildPhase;
			buildActionMask = 2147483647;
			files = (
				A4FA01B618EB69A000C9852E /* ViewController.m in Sources */,
				A4FA01B018EB69A000C9852E /* AppDelegate.m in Sources */,
				A4FA01AC18EB69A000C9852E /* main.m in Sources */,
			);
			runOnlyForDeploymentPostprocessing = 0;
		};
		A4FA01B918EB69A000C9852E /* Sources */ = {
			isa = PBXSourcesBuildPhase;
			buildActionMask = 2147483647;
			files = (
				A4FA01CB18EB69A000C9852E /* GitUseExampleTests.m in Sources */,
			);
			runOnlyForDeploymentPostprocessing = 0;
		};
/* End PBXSourcesBuildPhase section */

/* Begin PBXTargetDependency section */
		A4FA01C318EB69A000C9852E /* PBXTargetDependency */ = {
			isa = PBXTargetDependency;
			target = A4FA019B18EB69A000C9852E /* GitUseExample */;
			targetProxy = A4FA01C218EB69A000C9852E /* PBXContainerItemProxy */;
		};
/* End PBXTargetDependency section */

/* Begin PBXVariantGroup section */
		A4FA01A818EB69A000C9852E /* InfoPlist.strings */ = {
			isa = PBXVariantGroup;
			children = (
				A4FA01A918EB69A000C9852E /* en */,
			);
			name = InfoPlist.strings;
			sourceTree = "<group>";
		};
		A4FA01B118EB69A000C9852E /* Main.storyboard */ = {
			isa = PBXVariantGroup;
			children = (
				A4FA01B218EB69A000C9852E /* Base */,
			);
			name = Main.storyboard;
			sourceTree = "<group>";
		};
		A4FA01C718EB69A000C9852E /* InfoPlist.strings */ = {
			isa = PBXVariantGroup;
			children = (
				A4FA01C818EB69A000C9852E /* en */,
			);
			name = InfoPlist.strings;
			sourceTree = "<group>";
		};
/* End PBXVariantGroup section */

/* Begin XCBuildConfiguration section */
		A4FA01CC18EB69A000C9852E /* Debug */ = {
			isa = XCBuildConfiguration;
			buildSettings = {
				ALWAYS_SEARCH_USER_PATHS = NO;
				CLANG_CXX_LANGUAGE_STANDARD = "gnu++0x";
				CLANG_CXX_LIBRARY = "libc++";
				CLANG_ENABLE_MODULES = YES;
				CLANG_ENABLE_OBJC_ARC = YES;
				CLANG_WARN_BOOL_CONVERSION = YES;
				CLANG_WARN_CONSTANT_CONVERSION = YES;
				CLANG_WARN_DIRECT_OBJC_ISA_USAGE = YES_ERROR;
				CLANG_WARN_EMPTY_BODY = YES;
				CLANG_WARN_ENUM_CONVERSION = YES;
				CLANG_WARN_INT_CONVERSION = YES;
				CLANG_WARN_OBJC_ROOT_CLASS = YES_ERROR;
				CLANG_WARN__DUPLICATE_METHOD_MATCH = YES;
				"CODE_SIGN_IDENTITY[sdk=iphoneos*]" = "iPhone Developer";
				COPY_PHASE_STRIP = NO;
				GCC_C_LANGUAGE_STANDARD = gnu99;
				GCC_DYNAMIC_NO_PIC = NO;
				GCC_OPTIMIZATION_LEVEL = 0;
				GCC_PREPROCESSOR_DEFINITIONS = (
					"DEBUG=1",
					"$(inherited)",
				);
				GCC_SYMBOLS_PRIVATE_EXTERN = NO;
				GCC_WARN_64_TO_32_BIT_CONVERSION = YES;
				GCC_WARN_ABOUT_RETURN_TYPE = YES_ERROR;
				GCC_WARN_UNDECLARED_SELECTOR = YES;
				GCC_WARN_UNINITIALIZED_AUTOS = YES_AGGRESSIVE;
				GCC_WARN_UNUSED_FUNCTION = YES;
				GCC_WARN_UNUSED_VARIABLE = YES;
				IPHONEOS_DEPLOYMENT_TARGET = 7.1;
				ONLY_ACTIVE_ARCH = YES;
				SDKROOT = iphoneos;
			};
			name = Debug;
		};
		A4FA01CD18EB69A000C9852E /* Release */ = {
			isa = XCBuildConfiguration;
			buildSettings = {
				ALWAYS_SEARCH_USER_PATHS = NO;
				CLANG_CXX_LANGUAGE_STANDARD = "gnu++0x";
				CLANG_CXX_LIBRARY = "libc++";
				CLANG_ENABLE_MODULES = YES;
				CLANG_ENABLE_OBJC_ARC = YES;
				CLANG_WARN_BOOL_CONVERSION = YES;
				CLANG_WARN_CONSTANT_CONVERSION = YES;
				CLANG_WARN_DIRECT_OBJC_ISA_USAGE = YES_ERROR;
				CLANG_WARN_EMPTY_BODY = YES;
				CLANG_WARN_ENUM_CONVERSION = YES;
				CLANG_WARN_INT_CONVERSION = YES;
				CLANG_WARN_OBJC_ROOT_CLASS = YES_ERROR;
				CLANG_WARN__DUPLICATE_METHOD_MATCH = YES;
				"CODE_SIGN_IDENTITY[sdk=iphoneos*]" = "iPhone Developer";
				COPY_PHASE_STRIP = YES;
				ENABLE_NS_ASSERTIONS = NO;
				GCC_C_LANGUAGE_STANDARD = gnu99;
				GCC_WARN_64_TO_32_BIT_CONVERSION = YES;
				GCC_WARN_ABOUT_RETURN_TYPE = YES_ERROR;
				GCC_WARN_UNDECLARED_SELECTOR = YES;
				GCC_WARN_UNINITIALIZED_AUTOS = YES_AGGRESSIVE;
				GCC_WARN_UNUSED_FUNCTION = YES;
				GCC_WARN_UNUSED_VARIABLE = YES;
				IPHONEOS_DEPLOYMENT_TARGET = 7.1;
				SDKROOT = iphoneos;
				VALIDATE_PRODUCT = YES;
			};
			name = Release;
		};
		A4FA01CF18EB69A000C9852E /* Debug */ = {
			isa = XCBuildConfiguration;
			buildSettings = {
				ASSETCATALOG_COMPILER_APPICON_NAME = AppIcon;
				ASSETCATALOG_COMPILER_LAUNCHIMAGE_NAME = LaunchImage;
				GCC_PRECOMPILE_PREFIX_HEADER = YES;
				GCC_PREFIX_HEADER = "GitUseExample/GitUseExample-Prefix.pch";
				INFOPLIST_FILE = "GitUseExample/GitUseExample-Info.plist";
				PRODUCT_NAME = "$(TARGET_NAME)";
				WRAPPER_EXTENSION = app;
			};
			name = Debug;
		};
		A4FA01D018EB69A000C9852E /* Release */ = {
			isa = XCBuildConfiguration;
			buildSettings = {
				ASSETCATALOG_COMPILER_APPICON_NAME = AppIcon;
				ASSETCATALOG_COMPILER_LAUNCHIMAGE_NAME = LaunchImage;
				GCC_PRECOMPILE_PREFIX_HEADER = YES;
				GCC_PREFIX_HEADER = "GitUseExample/GitUseExample-Prefix.pch";
				INFOPLIST_FILE = "GitUseExample/GitUseExample-Info.plist";
				PRODUCT_NAME = "$(TARGET_NAME)";
				WRAPPER_EXTENSION = app;
			};
			name = Release;
		};
		A4FA01D218EB69A000C9852E /* Debug */ = {
			isa = XCBuildConfiguration;
			buildSettings = {
				BUNDLE_LOADER = "$(BUILT_PRODUCTS_DIR)/GitUseExample.app/GitUseExample";
				FRAMEWORK_SEARCH_PATHS = (
					"$(SDKROOT)/Developer/Library/Frameworks",
					"$(inherited)",
					"$(DEVELOPER_FRAMEWORKS_DIR)",
				);
				GCC_PRECOMPILE_PREFIX_HEADER = YES;
				GCC_PREFIX_HEADER = "GitUseExample/GitUseExample-Prefix.pch";
				GCC_PREPROCESSOR_DEFINITIONS = (
					"DEBUG=1",
					"$(inherited)",
				);
				INFOPLIST_FILE = "GitUseExampleTests/GitUseExampleTests-Info.plist";
				PRODUCT_NAME = "$(TARGET_NAME)";
				TEST_HOST = "$(BUNDLE_LOADER)";
				WRAPPER_EXTENSION = xctest;
			};
			name = Debug;
		};
		A4FA01D318EB69A000C9852E /* Release */ = {
			isa = XCBuildConfiguration;
			buildSettings = {
				BUNDLE_LOADER = "$(BUILT_PRODUCTS_DIR)/GitUseExample.app/GitUseExample";
				FRAMEWORK_SEARCH_PATHS = (
					"$(SDKROOT)/Developer/Library/Frameworks",
					"$(inherited)",
					"$(DEVELOPER_FRAMEWORKS_DIR)",
				);
				GCC_PRECOMPILE_PREFIX_HEADER = YES;
				GCC_PREFIX_HEADER = "GitUseExample/GitUseExample-Prefix.pch";
				INFOPLIST_FILE = "GitUseExampleTests/GitUseExampleTests-Info.plist";
				PRODUCT_NAME = "$(TARGET_NAME)";
				TEST_HOST = "$(BUNDLE_LOADER)";
				WRAPPER_EXTENSION = xctest;
			};
			name = Release;
		};
/* End XCBuildConfiguration section */

/* Begin XCConfigurationList section */
		A4FA019718EB69A000C9852E /* Build configuration list for PBXProject "GitUseExample" */ = {
			isa = XCConfigurationList;
			buildConfigurations = (
				A4FA01CC18EB69A000C9852E /* Debug */,
				A4FA01CD18EB69A000C9852E /* Release */,
			);
			defaultConfigurationIsVisible = 0;
			defaultConfigurationName = Release;
		};
		A4FA01CE18EB69A000C9852E /* Build configuration list for PBXNativeTarget "GitUseExample" */ = {
			isa = XCConfigurationList;
			buildConfigurations = (
				A4FA01CF18EB69A000C9852E /* Debug */,
				A4FA01D018EB69A000C9852E /* Release */,
			);
			defaultConfigurationIsVisible = 0;
		};
		A4FA01D118EB69A000C9852E /* Build configuration list for PBXNativeTarget "GitUseExampleTests" */ = {
			isa = XCConfigurationList;
			buildConfigurations = (
				A4FA01D218EB69A000C9852E /* Debug */,
				A4FA01D318EB69A000C9852E /* Release */,
			);
			defaultConfigurationIsVisible = 0;
		};
/* End XCConfigurationList section */
	};
	rootObject = A4FA019418EB69A000C9852E /* Project object */;
}
